
Microsoft Visual Studio Solution File, Format Version 12.00
# Visual Studio 2013
VisualStudioVersion = 12.0.21005.1
MinimumVisualStudioVersion = 10.0.40219.1
Project("{FAE04EC0-301F-11D3-BF4B-00C04F79EFBC}") = "ShowCmdArguments", "ShowCmdArguments\ShowCmdArguments.csproj", "{05DFFD74-6936-461E-89D7-671C8CED863A}"
EndProject
Project("{FAE04EC0-301F-11D3-BF4B-00C04F79EFBC}") = "ProjectCannotBuild", "ProjectCannotBuild\ProjectCannotBuild.csproj", "{F9911EC6-58BA-4AAF-87DB-4A4D0A92882E}"
EndProject
Global
	GlobalSection(SolutionConfigurationPlatforms) = preSolution
		Debug|Any CPU = Debug|Any CPU
		Release|Any CPU = Release|Any CPU
	EndGlobalSection
	GlobalSection(ProjectConfigurationPlatforms) = postSolution
		{05DFFD74-6936-461E-89D7-671C8CED863A}.Debug|Any CPU.ActiveCfg = Debug|Any CPU
		{05DFFD74-6936-461E-89D7-671C8CED863A}.Debug|Any CPU.Build.0 = Debug|Any CPU
		{05DFFD74-6936-461E-89D7-671C8CED863A}.Release|Any CPU.ActiveCfg = Release|Any CPU
		{05DFFD74-6936-461E-89D7-671C8CED863A}.Release|Any CPU.Build.0 = Release|Any CPU
		{F9911EC6-58BA-4AAF-87DB-4A4D0A92882E}.Debug|Any CPU.ActiveCfg = Debug|Any CPU
		{F9911EC6-58BA-4AAF-87DB-4A4D0A92882E}.Debug|Any CPU.Build.0 = Debug|Any CPU
		{F9911EC6-58BA-4AAF-87DB-4A4D0A92882E}.Release|Any CPU.ActiveCfg = Release|Any CPU
		{F9911EC6-58BA-4AAF-87DB-4A4D0A92882E}.Release|Any CPU.Build.0 = Release|Any CPU
	EndGlobalSection
	GlobalSection(SolutionProperties) = preSolution
		HideSolutionNode = FALSE
	EndGlobalSection
EndGlobal
